// !$*UTF8*$!
{
	archiveVersion = 1;
	classes = {
	};
	objectVersion = 46;
	objects = {

/* Begin PBXBuildFile section */
		633EF4FC56C7B36A49F46A28 /* Pods_Snapchat_clone_practiceTests.framework in Frameworks */ = {isa = PBXBuildFile; fileRef = FF1D5B61B067F0A172B1FBAC /* Pods_Snapchat_clone_practiceTests.framework */; };
		8486700C7E6752E4B25BE468 /* Pods_Snapchat_clone_practice.framework in Frameworks */ = {isa = PBXBuildFile; fileRef = 87B1D4B9BF35E7D59505E490 /* Pods_Snapchat_clone_practice.framework */; };
		E3D5E9ED7F9092DE11386DCF /* Pods_Snapchat_clone_practiceUITests.framework in Frameworks */ = {isa = PBXBuildFile; fileRef = 283EE89734BDCB3B1FE1DDD2 /* Pods_Snapchat_clone_practiceUITests.framework */; };
		FC1CC5161E4AB0D700CAD6F2 /* SnapsViewController.swift in Sources */ = {isa = PBXBuildFile; fileRef = FC1CC5151E4AB0D700CAD6F2 /* SnapsViewController.swift */; };
		FC4A86141E49AF4500ABDF04 /* AppDelegate.swift in Sources */ = {isa = PBXBuildFile; fileRef = FC4A86131E49AF4500ABDF04 /* AppDelegate.swift */; };
		FC4A86161E49AF4500ABDF04 /* SignInViewController.swift in Sources */ = {isa = PBXBuildFile; fileRef = FC4A86151E49AF4500ABDF04 /* SignInViewController.swift */; };
		FC4A86191E49AF4500ABDF04 /* Main.storyboard in Resources */ = {isa = PBXBuildFile; fileRef = FC4A86171E49AF4500ABDF04 /* Main.storyboard */; };
		FC4A861C1E49AF4500ABDF04 /* Snapchat_clone_practice.xcdatamodeld in Sources */ = {isa = PBXBuildFile; fileRef = FC4A861A1E49AF4500ABDF04 /* Snapchat_clone_practice.xcdatamodeld */; };
		FC4A861E1E49AF4500ABDF04 /* Assets.xcassets in Resources */ = {isa = PBXBuildFile; fileRef = FC4A861D1E49AF4500ABDF04 /* Assets.xcassets */; };
		FC4A86211E49AF4500ABDF04 /* LaunchScreen.storyboard in Resources */ = {isa = PBXBuildFile; fileRef = FC4A861F1E49AF4500ABDF04 /* LaunchScreen.storyboard */; };
		FC4A862C1E49AF4500ABDF04 /* Snapchat_clone_practiceTests.swift in Sources */ = {isa = PBXBuildFile; fileRef = FC4A862B1E49AF4500ABDF04 /* Snapchat_clone_practiceTests.swift */; };
		FC4A86371E49AF4500ABDF04 /* Snapchat_clone_practiceUITests.swift in Sources */ = {isa = PBXBuildFile; fileRef = FC4A86361E49AF4500ABDF04 /* Snapchat_clone_practiceUITests.swift */; };
		FC4A86451E49B2A000ABDF04 /* GoogleService-Info.plist in Resources */ = {isa = PBXBuildFile; fileRef = FC4A86441E49B2A000ABDF04 /* GoogleService-Info.plist */; };
		FC4A86461E49B2A000ABDF04 /* GoogleService-Info.plist in Resources */ = {isa = PBXBuildFile; fileRef = FC4A86441E49B2A000ABDF04 /* GoogleService-Info.plist */; };
		FC4A86471E49B2A000ABDF04 /* GoogleService-Info.plist in Resources */ = {isa = PBXBuildFile; fileRef = FC4A86441E49B2A000ABDF04 /* GoogleService-Info.plist */; };
		FC6933631E4BBF0700B2C628 /* PictureViewController.swift in Sources */ = {isa = PBXBuildFile; fileRef = FC6933621E4BBF0700B2C628 /* PictureViewController.swift */; };
		FC7541D31E4DCB1800B0597B /* SelectUserViewController.swift in Sources */ = {isa = PBXBuildFile; fileRef = FC7541D21E4DCB1800B0597B /* SelectUserViewController.swift */; };
/* End PBXBuildFile section */

/* Begin PBXContainerItemProxy section */
		FC4A86281E49AF4500ABDF04 /* PBXContainerItemProxy */ = {
			isa = PBXContainerItemProxy;
			containerPortal = FC4A86081E49AF4500ABDF04 /* Project object */;
			proxyType = 1;
			remoteGlobalIDString = FC4A860F1E49AF4500ABDF04;
			remoteInfo = "Snapchat-clone-practice";
		};
		FC4A86331E49AF4500ABDF04 /* PBXContainerItemProxy */ = {
			isa = PBXContainerItemProxy;
			containerPortal = FC4A86081E49AF4500ABDF04 /* Project object */;
			proxyType = 1;
			remoteGlobalIDString = FC4A860F1E49AF4500ABDF04;
			remoteInfo = "Snapchat-clone-practice";
		};
/* End PBXContainerItemProxy section */

/* Begin PBXFileReference section */
		283EE89734BDCB3B1FE1DDD2 /* Pods_Snapchat_clone_practiceUITests.framework */ = {isa = PBXFileReference; explicitFileType = wrapper.framework; includeInIndex = 0; path = Pods_Snapchat_clone_practiceUITests.framework; sourceTree = BUILT_PRODUCTS_DIR; };
		429592DF4E534012217FF55B /* Pods-Snapchat-clone-practice.release.xcconfig */ = {isa = PBXFileReference; includeInIndex = 1; lastKnownFileType = text.xcconfig; name = "Pods-Snapchat-clone-practice.release.xcconfig"; path = "Pods/Target Support Files/Pods-Snapchat-clone-practice/Pods-Snapchat-clone-practice.release.xcconfig"; sourceTree = "<group>"; };
		4C5360EE473AB68CD6197732 /* Pods-Snapchat-clone-practiceUITests.release.xcconfig */ = {isa = PBXFileReference; includeInIndex = 1; lastKnownFileType = text.xcconfig; name = "Pods-Snapchat-clone-practiceUITests.release.xcconfig"; path = "Pods/Target Support Files/Pods-Snapchat-clone-practiceUITests/Pods-Snapchat-clone-practiceUITests.release.xcconfig"; sourceTree = "<group>"; };
		7E6FBDF2F8BED70D39BDA014 /* Pods-Snapchat-clone-practiceUITests.debug.xcconfig */ = {isa = PBXFileReference; includeInIndex = 1; lastKnownFileType = text.xcconfig; name = "Pods-Snapchat-clone-practiceUITests.debug.xcconfig"; path = "Pods/Target Support Files/Pods-Snapchat-clone-practiceUITests/Pods-Snapchat-clone-practiceUITests.debug.xcconfig"; sourceTree = "<group>"; };
		87B1D4B9BF35E7D59505E490 /* Pods_Snapchat_clone_practice.framework */ = {isa = PBXFileReference; explicitFileType = wrapper.framework; includeInIndex = 0; path = Pods_Snapchat_clone_practice.framework; sourceTree = BUILT_PRODUCTS_DIR; };
		8E282FA47E66C46225EAD666 /* Pods-Snapchat-clone-practice.debug.xcconfig */ = {isa = PBXFileReference; includeInIndex = 1; lastKnownFileType = text.xcconfig; name = "Pods-Snapchat-clone-practice.debug.xcconfig"; path = "Pods/Target Support Files/Pods-Snapchat-clone-practice/Pods-Snapchat-clone-practice.debug.xcconfig"; sourceTree = "<group>"; };
		C79439A37AC39F9A4CA2388A /* Pods-Snapchat-clone-practiceTests.release.xcconfig */ = {isa = PBXFileReference; includeInIndex = 1; lastKnownFileType = text.xcconfig; name = "Pods-Snapchat-clone-practiceTests.release.xcconfig"; path = "Pods/Target Support Files/Pods-Snapchat-clone-practiceTests/Pods-Snapchat-clone-practiceTests.release.xcconfig"; sourceTree = "<group>"; };
		F322ED2B5C147FA8F676BEBC /* Pods-Snapchat-clone-practiceTests.debug.xcconfig */ = {isa = PBXFileReference; includeInIndex = 1; lastKnownFileType = text.xcconfig; name = "Pods-Snapchat-clone-practiceTests.debug.xcconfig"; path = "Pods/Target Support Files/Pods-Snapchat-clone-practiceTests/Pods-Snapchat-clone-practiceTests.debug.xcconfig"; sourceTree = "<group>"; };
		FC1CC5121E4AAC3900CAD6F2 /* Snapchat-clone-practice.entitlements */ = {isa = PBXFileReference; lastKnownFileType = text.plist.entitlements; path = "Snapchat-clone-practice.entitlements"; sourceTree = "<group>"; };
		FC1CC5151E4AB0D700CAD6F2 /* SnapsViewController.swift */ = {isa = PBXFileReference; fileEncoding = 4; lastKnownFileType = sourcecode.swift; path = SnapsViewController.swift; sourceTree = "<group>"; };
		FC4A86101E49AF4500ABDF04 /* Snapchat-clone-practice.app */ = {isa = PBXFileReference; explicitFileType = wrapper.application; includeInIndex = 0; path = "Snapchat-clone-practice.app"; sourceTree = BUILT_PRODUCTS_DIR; };
		FC4A86131E49AF4500ABDF04 /* AppDelegate.swift */ = {isa = PBXFileReference; lastKnownFileType = sourcecode.swift; path = AppDelegate.swift; sourceTree = "<group>"; };
		FC4A86151E49AF4500ABDF04 /* SignInViewController.swift */ = {isa = PBXFileReference; lastKnownFileType = sourcecode.swift; path = SignInViewController.swift; sourceTree = "<group>"; };
		FC4A86181E49AF4500ABDF04 /* Base */ = {isa = PBXFileReference; lastKnownFileType = file.storyboard; name = Base; path = Base.lproj/Main.storyboard; sourceTree = "<group>"; };
		FC4A861B1E49AF4500ABDF04 /* Snapchat_clone_practice.xcdatamodel */ = {isa = PBXFileReference; lastKnownFileType = wrapper.xcdatamodel; path = Snapchat_clone_practice.xcdatamodel; sourceTree = "<group>"; };
		FC4A861D1E49AF4500ABDF04 /* Assets.xcassets */ = {isa = PBXFileReference; lastKnownFileType = folder.assetcatalog; path = Assets.xcassets; sourceTree = "<group>"; };
		FC4A86201E49AF4500ABDF04 /* Base */ = {isa = PBXFileReference; lastKnownFileType = file.storyboard; name = Base; path = Base.lproj/LaunchScreen.storyboard; sourceTree = "<group>"; };
		FC4A86221E49AF4500ABDF04 /* Info.plist */ = {isa = PBXFileReference; lastKnownFileType = text.plist.xml; path = Info.plist; sourceTree = "<group>"; };
		FC4A86271E49AF4500ABDF04 /* Snapchat-clone-practiceTests.xctest */ = {isa = PBXFileReference; explicitFileType = wrapper.cfbundle; includeInIndex = 0; path = "Snapchat-clone-practiceTests.xctest"; sourceTree = BUILT_PRODUCTS_DIR; };
		FC4A862B1E49AF4500ABDF04 /* Snapchat_clone_practiceTests.swift */ = {isa = PBXFileReference; lastKnownFileType = sourcecode.swift; path = Snapchat_clone_practiceTests.swift; sourceTree = "<group>"; };
		FC4A862D1E49AF4500ABDF04 /* Info.plist */ = {isa = PBXFileReference; lastKnownFileType = text.plist.xml; path = Info.plist; sourceTree = "<group>"; };
		FC4A86321E49AF4500ABDF04 /* Snapchat-clone-practiceUITests.xctest */ = {isa = PBXFileReference; explicitFileType = wrapper.cfbundle; includeInIndex = 0; path = "Snapchat-clone-practiceUITests.xctest"; sourceTree = BUILT_PRODUCTS_DIR; };
		FC4A86361E49AF4500ABDF04 /* Snapchat_clone_practiceUITests.swift */ = {isa = PBXFileReference; lastKnownFileType = sourcecode.swift; path = Snapchat_clone_practiceUITests.swift; sourceTree = "<group>"; };
		FC4A86381E49AF4500ABDF04 /* Info.plist */ = {isa = PBXFileReference; lastKnownFileType = text.plist.xml; path = Info.plist; sourceTree = "<group>"; };
		FC4A86441E49B2A000ABDF04 /* GoogleService-Info.plist */ = {isa = PBXFileReference; fileEncoding = 4; lastKnownFileType = text.plist.xml; name = "GoogleService-Info.plist"; path = "../../../Downloads/GoogleService-Info.plist"; sourceTree = "<group>"; };
		FC6933621E4BBF0700B2C628 /* PictureViewController.swift */ = {isa = PBXFileReference; fileEncoding = 4; lastKnownFileType = sourcecode.swift; path = PictureViewController.swift; sourceTree = "<group>"; };
		FC7541D21E4DCB1800B0597B /* SelectUserViewController.swift */ = {isa = PBXFileReference; fileEncoding = 4; lastKnownFileType = sourcecode.swift; path = SelectUserViewController.swift; sourceTree = "<group>"; };
		FF1D5B61B067F0A172B1FBAC /* Pods_Snapchat_clone_practiceTests.framework */ = {isa = PBXFileReference; explicitFileType = wrapper.framework; includeInIndex = 0; path = Pods_Snapchat_clone_practiceTests.framework; sourceTree = BUILT_PRODUCTS_DIR; };
/* End PBXFileReference section */

/* Begin PBXFrameworksBuildPhase section */
		FC4A860D1E49AF4500ABDF04 /* Frameworks */ = {
			isa = PBXFrameworksBuildPhase;
			buildActionMask = 2147483647;
			files = (
				8486700C7E6752E4B25BE468 /* Pods_Snapchat_clone_practice.framework in Frameworks */,
			);
			runOnlyForDeploymentPostprocessing = 0;
		};
		FC4A86241E49AF4500ABDF04 /* Frameworks */ = {
			isa = PBXFrameworksBuildPhase;
			buildActionMask = 2147483647;
			files = (
				633EF4FC56C7B36A49F46A28 /* Pods_Snapchat_clone_practiceTests.framework in Frameworks */,
			);
			runOnlyForDeploymentPostprocessing = 0;
		};
		FC4A862F1E49AF4500ABDF04 /* Frameworks */ = {
			isa = PBXFrameworksBuildPhase;
			buildActionMask = 2147483647;
			files = (
				E3D5E9ED7F9092DE11386DCF /* Pods_Snapchat_clone_practiceUITests.framework in Frameworks */,
			);
			runOnlyForDeploymentPostprocessing = 0;
		};
/* End PBXFrameworksBuildPhase section */

/* Begin PBXGroup section */
		9E72859A2BB8DFFCB42C0CF9 /* Frameworks */ = {
			isa = PBXGroup;
			children = (
				87B1D4B9BF35E7D59505E490 /* Pods_Snapchat_clone_practice.framework */,
				FF1D5B61B067F0A172B1FBAC /* Pods_Snapchat_clone_practiceTests.framework */,
				283EE89734BDCB3B1FE1DDD2 /* Pods_Snapchat_clone_practiceUITests.framework */,
			);
			name = Frameworks;
			sourceTree = "<group>";
		};
		E2CDB015651287BD079DD872 /* Pods */ = {
			isa = PBXGroup;
			children = (
				8E282FA47E66C46225EAD666 /* Pods-Snapchat-clone-practice.debug.xcconfig */,
				429592DF4E534012217FF55B /* Pods-Snapchat-clone-practice.release.xcconfig */,
				F322ED2B5C147FA8F676BEBC /* Pods-Snapchat-clone-practiceTests.debug.xcconfig */,
				C79439A37AC39F9A4CA2388A /* Pods-Snapchat-clone-practiceTests.release.xcconfig */,
				7E6FBDF2F8BED70D39BDA014 /* Pods-Snapchat-clone-practiceUITests.debug.xcconfig */,
				4C5360EE473AB68CD6197732 /* Pods-Snapchat-clone-practiceUITests.release.xcconfig */,
			);
			name = Pods;
			sourceTree = "<group>";
		};
		FC4A86071E49AF4500ABDF04 = {
			isa = PBXGroup;
			children = (
				FC4A86121E49AF4500ABDF04 /* Snapchat-clone-practice */,
				FC4A862A1E49AF4500ABDF04 /* Snapchat-clone-practiceTests */,
				FC4A86351E49AF4500ABDF04 /* Snapchat-clone-practiceUITests */,
				FC4A86111E49AF4500ABDF04 /* Products */,
				E2CDB015651287BD079DD872 /* Pods */,
				9E72859A2BB8DFFCB42C0CF9 /* Frameworks */,
			);
			sourceTree = "<group>";
		};
		FC4A86111E49AF4500ABDF04 /* Products */ = {
			isa = PBXGroup;
			children = (
				FC4A86101E49AF4500ABDF04 /* Snapchat-clone-practice.app */,
				FC4A86271E49AF4500ABDF04 /* Snapchat-clone-practiceTests.xctest */,
				FC4A86321E49AF4500ABDF04 /* Snapchat-clone-practiceUITests.xctest */,
			);
			name = Products;
			sourceTree = "<group>";
		};
		FC4A86121E49AF4500ABDF04 /* Snapchat-clone-practice */ = {
			isa = PBXGroup;
			children = (
				FC1CC5121E4AAC3900CAD6F2 /* Snapchat-clone-practice.entitlements */,
				FC4A86131E49AF4500ABDF04 /* AppDelegate.swift */,
				FC4A86151E49AF4500ABDF04 /* SignInViewController.swift */,
				FC1CC5151E4AB0D700CAD6F2 /* SnapsViewController.swift */,
				FC6933621E4BBF0700B2C628 /* PictureViewController.swift */,
				FC7541D21E4DCB1800B0597B /* SelectUserViewController.swift */,
				FC4A86171E49AF4500ABDF04 /* Main.storyboard */,
				FC4A861D1E49AF4500ABDF04 /* Assets.xcassets */,
				FC4A861F1E49AF4500ABDF04 /* LaunchScreen.storyboard */,
				FC4A86221E49AF4500ABDF04 /* Info.plist */,
				FC4A86441E49B2A000ABDF04 /* GoogleService-Info.plist */,
				FC4A861A1E49AF4500ABDF04 /* Snapchat_clone_practice.xcdatamodeld */,
			);
			path = "Snapchat-clone-practice";
			sourceTree = "<group>";
		};
		FC4A862A1E49AF4500ABDF04 /* Snapchat-clone-practiceTests */ = {
			isa = PBXGroup;
			children = (
				FC4A862B1E49AF4500ABDF04 /* Snapchat_clone_practiceTests.swift */,
				FC4A862D1E49AF4500ABDF04 /* Info.plist */,
			);
			path = "Snapchat-clone-practiceTests";
			sourceTree = "<group>";
		};
		FC4A86351E49AF4500ABDF04 /* Snapchat-clone-practiceUITests */ = {
			isa = PBXGroup;
			children = (
				FC4A86361E49AF4500ABDF04 /* Snapchat_clone_practiceUITests.swift */,
				FC4A86381E49AF4500ABDF04 /* Info.plist */,
			);
			path = "Snapchat-clone-practiceUITests";
			sourceTree = "<group>";
		};
/* End PBXGroup section */

/* Begin PBXNativeTarget section */
		FC4A860F1E49AF4500ABDF04 /* Snapchat-clone-practice */ = {
			isa = PBXNativeTarget;
			buildConfigurationList = FC4A863B1E49AF4500ABDF04 /* Build configuration list for PBXNativeTarget "Snapchat-clone-practice" */;
			buildPhases = (
				22D11E08F77C1B5434F2C62C /* [CP] Check Pods Manifest.lock */,
				FC4A860C1E49AF4500ABDF04 /* Sources */,
				FC4A860D1E49AF4500ABDF04 /* Frameworks */,
				FC4A860E1E49AF4500ABDF04 /* Resources */,
				3B6779815A89589C28A17A72 /* [CP] Embed Pods Frameworks */,
				3DD971735F2F8A2506C52597 /* [CP] Copy Pods Resources */,
			);
			buildRules = (
			);
			dependencies = (
			);
			name = "Snapchat-clone-practice";
			productName = "Snapchat-clone-practice";
			productReference = FC4A86101E49AF4500ABDF04 /* Snapchat-clone-practice.app */;
			productType = "com.apple.product-type.application";
		};
		FC4A86261E49AF4500ABDF04 /* Snapchat-clone-practiceTests */ = {
			isa = PBXNativeTarget;
			buildConfigurationList = FC4A863E1E49AF4500ABDF04 /* Build configuration list for PBXNativeTarget "Snapchat-clone-practiceTests" */;
			buildPhases = (
				F6E0F719170A60334CAC4149 /* [CP] Check Pods Manifest.lock */,
				FC4A86231E49AF4500ABDF04 /* Sources */,
				FC4A86241E49AF4500ABDF04 /* Frameworks */,
				FC4A86251E49AF4500ABDF04 /* Resources */,
				84CE0FAB66DB7C27E4487EC8 /* [CP] Embed Pods Frameworks */,
				4E7EDC18165C17B1BB7E6482 /* [CP] Copy Pods Resources */,
			);
			buildRules = (
			);
			dependencies = (
				FC4A86291E49AF4500ABDF04 /* PBXTargetDependency */,
			);
			name = "Snapchat-clone-practiceTests";
			productName = "Snapchat-clone-practiceTests";
			productReference = FC4A86271E49AF4500ABDF04 /* Snapchat-clone-practiceTests.xctest */;
			productType = "com.apple.product-type.bundle.unit-test";
		};
		FC4A86311E49AF4500ABDF04 /* Snapchat-clone-practiceUITests */ = {
			isa = PBXNativeTarget;
			buildConfigurationList = FC4A86411E49AF4500ABDF04 /* Build configuration list for PBXNativeTarget "Snapchat-clone-practiceUITests" */;
			buildPhases = (
				CA370BC34EBB4B0034E32626 /* [CP] Check Pods Manifest.lock */,
				FC4A862E1E49AF4500ABDF04 /* Sources */,
				FC4A862F1E49AF4500ABDF04 /* Frameworks */,
				FC4A86301E49AF4500ABDF04 /* Resources */,
				4B65F38D5C3ECFEBB4C6762A /* [CP] Embed Pods Frameworks */,
				1C4868018CDFD1EBBB8D9CFF /* [CP] Copy Pods Resources */,
			);
			buildRules = (
			);
			dependencies = (
				FC4A86341E49AF4500ABDF04 /* PBXTargetDependency */,
			);
			name = "Snapchat-clone-practiceUITests";
			productName = "Snapchat-clone-practiceUITests";
			productReference = FC4A86321E49AF4500ABDF04 /* Snapchat-clone-practiceUITests.xctest */;
			productType = "com.apple.product-type.bundle.ui-testing";
		};
/* End PBXNativeTarget section */

/* Begin PBXProject section */
		FC4A86081E49AF4500ABDF04 /* Project object */ = {
			isa = PBXProject;
			attributes = {
				LastSwiftUpdateCheck = 0820;
				LastUpgradeCheck = 0820;
				ORGANIZATIONNAME = Dylan;
				TargetAttributes = {
					FC4A860F1E49AF4500ABDF04 = {
						CreatedOnToolsVersion = 8.2.1;
						DevelopmentTeam = Q9P9R7EZGN;
						ProvisioningStyle = Automatic;
						SystemCapabilities = {
							com.apple.Keychain = {
								enabled = 1;
							};
						};
					};
					FC4A86261E49AF4500ABDF04 = {
						CreatedOnToolsVersion = 8.2.1;
						DevelopmentTeam = Q9P9R7EZGN;
						ProvisioningStyle = Automatic;
						TestTargetID = FC4A860F1E49AF4500ABDF04;
					};
					FC4A86311E49AF4500ABDF04 = {
						CreatedOnToolsVersion = 8.2.1;
						DevelopmentTeam = Q9P9R7EZGN;
						ProvisioningStyle = Automatic;
						TestTargetID = FC4A860F1E49AF4500ABDF04;
					};
				};
			};
			buildConfigurationList = FC4A860B1E49AF4500ABDF04 /* Build configuration list for PBXProject "Snapchat-clone-practice" */;
			compatibilityVersion = "Xcode 3.2";
			developmentRegion = English;
			hasScannedForEncodings = 0;
			knownRegions = (
				en,
				Base,
			);
			mainGroup = FC4A86071E49AF4500ABDF04;
			productRefGroup = FC4A86111E49AF4500ABDF04 /* Products */;
			projectDirPath = "";
			projectRoot = "";
			targets = (
				FC4A860F1E49AF4500ABDF04 /* Snapchat-clone-practice */,
				FC4A86261E49AF4500ABDF04 /* Snapchat-clone-practiceTests */,
				FC4A86311E49AF4500ABDF04 /* Snapchat-clone-practiceUITests */,
			);
		};
/* End PBXProject section */

/* Begin PBXResourcesBuildPhase section */
		FC4A860E1E49AF4500ABDF04 /* Resources */ = {
			isa = PBXResourcesBuildPhase;
			buildActionMask = 2147483647;
			files = (
				FC4A86211E49AF4500ABDF04 /* LaunchScreen.storyboard in Resources */,
				FC4A86451E49B2A000ABDF04 /* GoogleService-Info.plist in Resources */,
				FC4A861E1E49AF4500ABDF04 /* Assets.xcassets in Resources */,
				FC4A86191E49AF4500ABDF04 /* Main.storyboard in Resources */,
			);
			runOnlyForDeploymentPostprocessing = 0;
		};
		FC4A86251E49AF4500ABDF04 /* Resources */ = {
			isa = PBXResourcesBuildPhase;
			buildActionMask = 2147483647;
			files = (
				FC4A86461E49B2A000ABDF04 /* GoogleService-Info.plist in Resources */,
			);
			runOnlyForDeploymentPostprocessing = 0;
		};
		FC4A86301E49AF4500ABDF04 /* Resources */ = {
			isa = PBXResourcesBuildPhase;
			buildActionMask = 2147483647;
			files = (
				FC4A86471E49B2A000ABDF04 /* GoogleService-Info.plist in Resources */,
			);
			runOnlyForDeploymentPostprocessing = 0;
		};
/* End PBXResourcesBuildPhase section */

/* Begin PBXShellScriptBuildPhase section */
		1C4868018CDFD1EBBB8D9CFF /* [CP] Copy Pods Resources */ = {
			isa = PBXShellScriptBuildPhase;
			buildActionMask = 2147483647;
			files = (
			);
			inputPaths = (
			);
			name = "[CP] Copy Pods Resources";
			outputPaths = (
			);
			runOnlyForDeploymentPostprocessing = 0;
			shellPath = /bin/sh;
			shellScript = "\"${SRCROOT}/Pods/Target Support Files/Pods-Snapchat-clone-practiceUITests/Pods-Snapchat-clone-practiceUITests-resources.sh\"\n";
			showEnvVarsInLog = 0;
		};
		22D11E08F77C1B5434F2C62C /* [CP] Check Pods Manifest.lock */ = {
			isa = PBXShellScriptBuildPhase;
			buildActionMask = 2147483647;
			files = (
			);
			inputPaths = (
			);
			name = "[CP] Check Pods Manifest.lock";
			outputPaths = (
			);
			runOnlyForDeploymentPostprocessing = 0;
			shellPath = /bin/sh;
			shellScript = "diff \"${PODS_ROOT}/../Podfile.lock\" \"${PODS_ROOT}/Manifest.lock\" > /dev/null\nif [ $? != 0 ] ; then\n    # print error to STDERR\n    echo \"error: The sandbox is not in sync with the Podfile.lock. Run 'pod install' or update your CocoaPods installation.\" >&2\n    exit 1\nfi\n";
			showEnvVarsInLog = 0;
		};
		3B6779815A89589C28A17A72 /* [CP] Embed Pods Frameworks */ = {
			isa = PBXShellScriptBuildPhase;
			buildActionMask = 2147483647;
			files = (
			);
			inputPaths = (
			);
			name = "[CP] Embed Pods Frameworks";
			outputPaths = (
			);
			runOnlyForDeploymentPostprocessing = 0;
			shellPath = /bin/sh;
			shellScript = "\"${SRCROOT}/Pods/Target Support Files/Pods-Snapchat-clone-practice/Pods-Snapchat-clone-practice-frameworks.sh\"\n";
			showEnvVarsInLog = 0;
		};
		3DD971735F2F8A2506C52597 /* [CP] Copy Pods Resources */ = {
			isa = PBXShellScriptBuildPhase;
			buildActionMask = 2147483647;
			files = (
			);
			inputPaths = (
			);
			name = "[CP] Copy Pods Resources";
			outputPaths = (
			);
			runOnlyForDeploymentPostprocessing = 0;
			shellPath = /bin/sh;
			shellScript = "\"${SRCROOT}/Pods/Target Support Files/Pods-Snapchat-clone-practice/Pods-Snapchat-clone-practice-resources.sh\"\n";
			showEnvVarsInLog = 0;
		};
		4B65F38D5C3ECFEBB4C6762A /* [CP] Embed Pods Frameworks */ = {
			isa = PBXShellScriptBuildPhase;
			buildActionMask = 2147483647;
			files = (
			);
			inputPaths = (
			);
			name = "[CP] Embed Pods Frameworks";
			outputPaths = (
			);
			runOnlyForDeploymentPostprocessing = 0;
			shellPath = /bin/sh;
			shellScript = "\"${SRCROOT}/Pods/Target Support Files/Pods-Snapchat-clone-practiceUITests/Pods-Snapchat-clone-practiceUITests-frameworks.sh\"\n";
			showEnvVarsInLog = 0;
		};
		4E7EDC18165C17B1BB7E6482 /* [CP] Copy Pods Resources */ = {
			isa = PBXShellScriptBuildPhase;
			buildActionMask = 2147483647;
			files = (
			);
			inputPaths = (
			);
			name = "[CP] Copy Pods Resources";
			outputPaths = (
			);
			runOnlyForDeploymentPostprocessing = 0;
			shellPath = /bin/sh;
			shellScript = "\"${SRCROOT}/Pods/Target Support Files/Pods-Snapchat-clone-practiceTests/Pods-Snapchat-clone-practiceTests-resources.sh\"\n";
			showEnvVarsInLog = 0;
		};
		84CE0FAB66DB7C27E4487EC8 /* [CP] Embed Pods Frameworks */ = {
			isa = PBXShellScriptBuildPhase;
			buildActionMask = 2147483647;
			files = (
			);
			inputPaths = (
			);
			name = "[CP] Embed Pods Frameworks";
			outputPaths = (
			);
			runOnlyForDeploymentPostprocessing = 0;
			shellPath = /bin/sh;
			shellScript = "\"${SRCROOT}/Pods/Target Support Files/Pods-Snapchat-clone-practiceTests/Pods-Snapchat-clone-practiceTests-frameworks.sh\"\n";
			showEnvVarsInLog = 0;
		};
		CA370BC34EBB4B0034E32626 /* [CP] Check Pods Manifest.lock */ = {
			isa = PBXShellScriptBuildPhase;
			buildActionMask = 2147483647;
			files = (
			);
			inputPaths = (
			);
			name = "[CP] Check Pods Manifest.lock";
			outputPaths = (
			);
			runOnlyForDeploymentPostprocessing = 0;
			shellPath = /bin/sh;
			shellScript = "diff \"${PODS_ROOT}/../Podfile.lock\" \"${PODS_ROOT}/Manifest.lock\" > /dev/null\nif [ $? != 0 ] ; then\n    # print error to STDERR\n    echo \"error: The sandbox is not in sync with the Podfile.lock. Run 'pod install' or update your CocoaPods installation.\" >&2\n    exit 1\nfi\n";
			showEnvVarsInLog = 0;
		};
		F6E0F719170A60334CAC4149 /* [CP] Check Pods Manifest.lock */ = {
			isa = PBXShellScriptBuildPhase;
			buildActionMask = 2147483647;
			files = (
			);
			inputPaths = (
			);
			name = "[CP] Check Pods Manifest.lock";
			outputPaths = (
			);
			runOnlyForDeploymentPostprocessing = 0;
			shellPath = /bin/sh;
			shellScript = "diff \"${PODS_ROOT}/../Podfile.lock\" \"${PODS_ROOT}/Manifest.lock\" > /dev/null\nif [ $? != 0 ] ; then\n    # print error to STDERR\n    echo \"error: The sandbox is not in sync with the Podfile.lock. Run 'pod install' or update your CocoaPods installation.\" >&2\n    exit 1\nfi\n";
			showEnvVarsInLog = 0;
		};
/* End PBXShellScriptBuildPhase section */

/* Begin PBXSourcesBuildPhase section */
		FC4A860C1E49AF4500ABDF04 /* Sources */ = {
			isa = PBXSourcesBuildPhase;
			buildActionMask = 2147483647;
			files = (
				FC1CC5161E4AB0D700CAD6F2 /* SnapsViewController.swift in Sources */,
				FC4A86161E49AF4500ABDF04 /* SignInViewController.swift in Sources */,
				FC4A861C1E49AF4500ABDF04 /* Snapchat_clone_practice.xcdatamodeld in Sources */,
				FC7541D31E4DCB1800B0597B /* SelectUserViewController.swift in Sources */,
				FC4A86141E49AF4500ABDF04 /* AppDelegate.swift in Sources */,
				FC6933631E4BBF0700B2C628 /* PictureViewController.swift in Sources */,
			);
			runOnlyForDeploymentPostprocessing = 0;
		};
		FC4A86231E49AF4500ABDF04 /* Sources */ = {
			isa = PBXSourcesBuildPhase;
			buildActionMask = 2147483647;
			files = (
				FC4A862C1E49AF4500ABDF04 /* Snapchat_clone_practiceTests.swift in Sources */,
			);
			runOnlyForDeploymentPostprocessing = 0;
		};
		FC4A862E1E49AF4500ABDF04 /* Sources */ = {
			isa = PBXSourcesBuildPhase;
			buildActionMask = 2147483647;
			files = (
				FC4A86371E49AF4500ABDF04 /* Snapchat_clone_practiceUITests.swift in Sources */,
			);
			runOnlyForDeploymentPostprocessing = 0;
		};
/* End PBXSourcesBuildPhase section */

/* Begin PBXTargetDependency section */
		FC4A86291E49AF4500ABDF04 /* PBXTargetDependency */ = {
			isa = PBXTargetDependency;
			target = FC4A860F1E49AF4500ABDF04 /* Snapchat-clone-practice */;
			targetProxy = FC4A86281E49AF4500ABDF04 /* PBXContainerItemProxy */;
		};
		FC4A86341E49AF4500ABDF04 /* PBXTargetDependency */ = {
			isa = PBXTargetDependency;
			target = FC4A860F1E49AF4500ABDF04 /* Snapchat-clone-practice */;
			targetProxy = FC4A86331E49AF4500ABDF04 /* PBXContainerItemProxy */;
		};
/* End PBXTargetDependency section */

/* Begin PBXVariantGroup section */
		FC4A86171E49AF4500ABDF04 /* Main.storyboard */ = {
			isa = PBXVariantGroup;
			children = (
				FC4A86181E49AF4500ABDF04 /* Base */,
			);
			name = Main.storyboard;
			sourceTree = "<group>";
		};
		FC4A861F1E49AF4500ABDF04 /* LaunchScreen.storyboard */ = {
			isa = PBXVariantGroup;
			children = (
				FC4A86201E49AF4500ABDF04 /* Base */,
			);
			name = LaunchScreen.storyboard;
			sourceTree = "<group>";
		};
/* End PBXVariantGroup section */

/* Begin XCBuildConfiguration section */
		FC4A86391E49AF4500ABDF04 /* Debug */ = {
			isa = XCBuildConfiguration;
			buildSettings = {
				ALWAYS_SEARCH_USER_PATHS = NO;
				CLANG_ANALYZER_NONNULL = YES;
				CLANG_CXX_LANGUAGE_STANDARD = "gnu++0x";
				CLANG_CXX_LIBRARY = "libc++";
				CLANG_ENABLE_MODULES = YES;
				CLANG_ENABLE_OBJC_ARC = YES;
				CLANG_WARN_BOOL_CONVERSION = YES;
				CLANG_WARN_CONSTANT_CONVERSION = YES;
				CLANG_WARN_DIRECT_OBJC_ISA_USAGE = YES_ERROR;
				CLANG_WARN_DOCUMENTATION_COMMENTS = YES;
				CLANG_WARN_EMPTY_BODY = YES;
				CLANG_WARN_ENUM_CONVERSION = YES;
				CLANG_WARN_INFINITE_RECURSION = YES;
				CLANG_WARN_INT_CONVERSION = YES;
				CLANG_WARN_OBJC_ROOT_CLASS = YES_ERROR;
				CLANG_WARN_SUSPICIOUS_MOVE = YES;
				CLANG_WARN_UNREACHABLE_CODE = YES;
				CLANG_WARN__DUPLICATE_METHOD_MATCH = YES;
				"CODE_SIGN_IDENTITY[sdk=iphoneos*]" = "iPhone Developer";
				COPY_PHASE_STRIP = NO;
				DEBUG_INFORMATION_FORMAT = dwarf;
				ENABLE_STRICT_OBJC_MSGSEND = YES;
				ENABLE_TESTABILITY = YES;
				GCC_C_LANGUAGE_STANDARD = gnu99;
				GCC_DYNAMIC_NO_PIC = NO;
				GCC_NO_COMMON_BLOCKS = YES;
				GCC_OPTIMIZATION_LEVEL = 0;
				GCC_PREPROCESSOR_DEFINITIONS = (
					"DEBUG=1",
					"$(inherited)",
				);
				GCC_WARN_64_TO_32_BIT_CONVERSION = YES;
				GCC_WARN_ABOUT_RETURN_TYPE = YES_ERROR;
				GCC_WARN_UNDECLARED_SELECTOR = YES;
				GCC_WARN_UNINITIALIZED_AUTOS = YES_AGGRESSIVE;
				GCC_WARN_UNUSED_FUNCTION = YES;
				GCC_WARN_UNUSED_VARIABLE = YES;
				IPHONEOS_DEPLOYMENT_TARGET = 10.2;
				MTL_ENABLE_DEBUG_INFO = YES;
				ONLY_ACTIVE_ARCH = YES;
				SDKROOT = iphoneos;
				SWIFT_ACTIVE_COMPILATION_CONDITIONS = DEBUG;
				SWIFT_OPTIMIZATION_LEVEL = "-Onone";
				TARGETED_DEVICE_FAMILY = "1,2";
			};
			name = Debug;
		};
		FC4A863A1E49AF4500ABDF04 /* Release */ = {
			isa = XCBuildConfiguration;
			buildSettings = {
				ALWAYS_SEARCH_USER_PATHS = NO;
				CLANG_ANALYZER_NONNULL = YES;
				CLANG_CXX_LANGUAGE_STANDARD = "gnu++0x";
				CLANG_CXX_LIBRARY = "libc++";
				CLANG_ENABLE_MODULES = YES;
				CLANG_ENABLE_OBJC_ARC = YES;
				CLANG_WARN_BOOL_CONVERSION = YES;
				CLANG_WARN_CONSTANT_CONVERSION = YES;
				CLANG_WARN_DIRECT_OBJC_ISA_USAGE = YES_ERROR;
				CLANG_WARN_DOCUMENTATION_COMMENTS = YES;
				CLANG_WARN_EMPTY_BODY = YES;
				CLANG_WARN_ENUM_CONVERSION = YES;
				CLANG_WARN_INFINITE_RECURSION = YES;
				CLANG_WARN_INT_CONVERSION = YES;
				CLANG_WARN_OBJC_ROOT_CLASS = YES_ERROR;
				CLANG_WARN_SUSPICIOUS_MOVE = YES;
				CLANG_WARN_UNREACHABLE_CODE = YES;
				CLANG_WARN__DUPLICATE_METHOD_MATCH = YES;
				"CODE_SIGN_IDENTITY[sdk=iphoneos*]" = "iPhone Developer";
				COPY_PHASE_STRIP = NO;
				DEBUG_INFORMATION_FORMAT = "dwarf-with-dsym";
				ENABLE_NS_ASSERTIONS = NO;
				ENABLE_STRICT_OBJC_MSGSEND = YES;
				GCC_C_LANGUAGE_STANDARD = gnu99;
				GCC_NO_COMMON_BLOCKS = YES;
				GCC_WARN_64_TO_32_BIT_CONVERSION = YES;
				GCC_WARN_ABOUT_RETURN_TYPE = YES_ERROR;
				GCC_WARN_UNDECLARED_SELECTOR = YES;
				GCC_WARN_UNINITIALIZED_AUTOS = YES_AGGRESSIVE;
				GCC_WARN_UNUSED_FUNCTION = YES;
				GCC_WARN_UNUSED_VARIABLE = YES;
				IPHONEOS_DEPLOYMENT_TARGET = 10.2;
				MTL_ENABLE_DEBUG_INFO = NO;
				SDKROOT = iphoneos;
				SWIFT_OPTIMIZATION_LEVEL = "-Owholemodule";
				TARGETED_DEVICE_FAMILY = "1,2";
				VALIDATE_PRODUCT = YES;
			};
			name = Release;
		};
		FC4A863C1E49AF4500ABDF04 /* Debug */ = {
			isa = XCBuildConfiguration;
			baseConfigurationReference = 8E282FA47E66C46225EAD666 /* Pods-Snapchat-clone-practice.debug.xcconfig */;
			buildSettings = {
				ASSETCATALOG_COMPILER_APPICON_NAME = AppIcon;
				CODE_SIGN_ENTITLEMENTS = "Snapchat-clone-practice/Snapchat-clone-practice.entitlements";
				DEVELOPMENT_TEAM = Q9P9R7EZGN;
				INFOPLIST_FILE = "Snapchat-clone-practice/Info.plist";
				LD_RUNPATH_SEARCH_PATHS = "$(inherited) @executable_path/Frameworks";
				PRODUCT_BUNDLE_IDENTIFIER = "None.Snapchat-clone-practice";
				PRODUCT_NAME = "$(TARGET_NAME)";
				SWIFT_VERSION = 3.0;
			};
			name = Debug;
		};
		FC4A863D1E49AF4500ABDF04 /* Release */ = {
			isa = XCBuildConfiguration;
			baseConfigurationReference = 429592DF4E534012217FF55B /* Pods-Snapchat-clone-practice.release.xcconfig */;
			buildSettings = {
				ASSETCATALOG_COMPILER_APPICON_NAME = AppIcon;
				CODE_SIGN_ENTITLEMENTS = "Snapchat-clone-practice/Snapchat-clone-practice.entitlements";
				DEVELOPMENT_TEAM = Q9P9R7EZGN;
				INFOPLIST_FILE = "Snapchat-clone-practice/Info.plist";
				LD_RUNPATH_SEARCH_PATHS = "$(inherited) @executable_path/Frameworks";
				PRODUCT_BUNDLE_IDENTIFIER = "None.Snapchat-clone-practice";
				PRODUCT_NAME = "$(TARGET_NAME)";
				SWIFT_VERSION = 3.0;
			};
			name = Release;
		};
		FC4A863F1E49AF4500ABDF04 /* Debug */ = {
			isa = XCBuildConfiguration;
			baseConfigurationReference = F322ED2B5C147FA8F676BEBC /* Pods-Snapchat-clone-practiceTests.debug.xcconfig */;
			buildSettings = {
				ALWAYS_EMBED_SWIFT_STANDARD_LIBRARIES = YES;
				BUNDLE_LOADER = "$(TEST_HOST)";
				DEVELOPMENT_TEAM = Q9P9R7EZGN;
				INFOPLIST_FILE = "Snapchat-clone-practiceTests/Info.plist";
				LD_RUNPATH_SEARCH_PATHS = "$(inherited) @executable_path/Frameworks @loader_path/Frameworks";
				PRODUCT_BUNDLE_IDENTIFIER = "None.Snapchat-clone-practiceTests";
				PRODUCT_NAME = "$(TARGET_NAME)";
				SWIFT_VERSION = 3.0;
				TEST_HOST = "$(BUILT_PRODUCTS_DIR)/Snapchat-clone-practice.app/Snapchat-clone-practice";
			};
			name = Debug;
		};
		FC4A86401E49AF4500ABDF04 /* Release */ = {
			isa = XCBuildConfiguration;
			baseConfigurationReference = C79439A37AC39F9A4CA2388A /* Pods-Snapchat-clone-practiceTests.release.xcconfig */;
			buildSettings = {
				ALWAYS_EMBED_SWIFT_STANDARD_LIBRARIES = YES;
				BUNDLE_LOADER = "$(TEST_HOST)";
				DEVELOPMENT_TEAM = Q9P9R7EZGN;
				INFOPLIST_FILE = "Snapchat-clone-practiceTests/Info.plist";
				LD_RUNPATH_SEARCH_PATHS = "$(inherited) @executable_path/Frameworks @loader_path/Frameworks";
				PRODUCT_BUNDLE_IDENTIFIER = "None.Snapchat-clone-practiceTests";
				PRODUCT_NAME = "$(TARGET_NAME)";
				SWIFT_VERSION = 3.0;
				TEST_HOST = "$(BUILT_PRODUCTS_DIR)/Snapchat-clone-practice.app/Snapchat-clone-practice";
			};
			name = Release;
		};
		FC4A86421E49AF4500ABDF04 /* Debug */ = {
			isa = XCBuildConfiguration;
			baseConfigurationReference = 7E6FBDF2F8BED70D39BDA014 /* Pods-Snapchat-clone-practiceUITests.debug.xcconfig */;
			buildSettings = {
				ALWAYS_EMBED_SWIFT_STANDARD_LIBRARIES = YES;
				DEVELOPMENT_TEAM = Q9P9R7EZGN;
				INFOPLIST_FILE = "Snapchat-clone-practiceUITests/Info.plist";
				LD_RUNPATH_SEARCH_PATHS = "$(inherited) @executable_path/Frameworks @loader_path/Frameworks";
				PRODUCT_BUNDLE_IDENTIFIER = "None.Snapchat-clone-practiceUITests";
				PRODUCT_NAME = "$(TARGET_NAME)";
				SWIFT_VERSION = 3.0;
				TEST_TARGET_NAME = "Snapchat-clone-practice";
			};
			name = Debug;
		};
		FC4A86431E49AF4500ABDF04 /* Release */ = {
			isa = XCBuildConfiguration;
			baseConfigurationReference = 4C5360EE473AB68CD6197732 /* Pods-Snapchat-clone-practiceUITests.release.xcconfig */;
			buildSettings = {
				ALWAYS_EMBED_SWIFT_STANDARD_LIBRARIES = YES;
				DEVELOPMENT_TEAM = Q9P9R7EZGN;
				INFOPLIST_FILE = "Snapchat-clone-practiceUITests/Info.plist";
				LD_RUNPATH_SEARCH_PATHS = "$(inherited) @executable_path/Frameworks @loader_path/Frameworks";
				PRODUCT_BUNDLE_IDENTIFIER = "None.Snapchat-clone-practiceUITests";
				PRODUCT_NAME = "$(TARGET_NAME)";
				SWIFT_VERSION = 3.0;
				TEST_TARGET_NAME = "Snapchat-clone-practice";
			};
			name = Release;
		};
/* End XCBuildConfiguration section */

/* Begin XCConfigurationList section */
		FC4A860B1E49AF4500ABDF04 /* Build configuration list for PBXProject "Snapchat-clone-practice" */ = {
			isa = XCConfigurationList;
			buildConfigurations = (
				FC4A86391E49AF4500ABDF04 /* Debug */,
				FC4A863A1E49AF4500ABDF04 /* Release */,
			);
			defaultConfigurationIsVisible = 0;
			defaultConfigurationName = Release;
		};
		FC4A863B1E49AF4500ABDF04 /* Build configuration list for PBXNativeTarget "Snapchat-clone-practice" */ = {
			isa = XCConfigurationList;
			buildConfigurations = (
				FC4A863C1E49AF4500ABDF04 /* Debug */,
				FC4A863D1E49AF4500ABDF04 /* Release */,
			);
			defaultConfigurationIsVisible = 0;
			defaultConfigurationName = Release;
		};
		FC4A863E1E49AF4500ABDF04 /* Build configuration list for PBXNativeTarget "Snapchat-clone-practiceTests" */ = {
			isa = XCConfigurationList;
			buildConfigurations = (
				FC4A863F1E49AF4500ABDF04 /* Debug */,
				FC4A86401E49AF4500ABDF04 /* Release */,
			);
			defaultConfigurationIsVisible = 0;
			defaultConfigurationName = Release;
		};
		FC4A86411E49AF4500ABDF04 /* Build configuration list for PBXNativeTarget "Snapchat-clone-practiceUITests" */ = {
			isa = XCConfigurationList;
			buildConfigurations = (
				FC4A86421E49AF4500ABDF04 /* Debug */,
				FC4A86431E49AF4500ABDF04 /* Release */,
			);
			defaultConfigurationIsVisible = 0;
			defaultConfigurationName = Release;
		};
/* End XCConfigurationList section */

/* Begin XCVersionGroup section */
		FC4A861A1E49AF4500ABDF04 /* Snapchat_clone_practice.xcdatamodeld */ = {
			isa = XCVersionGroup;
			children = (
				FC4A861B1E49AF4500ABDF04 /* Snapchat_clone_practice.xcdatamodel */,
			);
			currentVersion = FC4A861B1E49AF4500ABDF04 /* Snapchat_clone_practice.xcdatamodel */;
			path = Snapchat_clone_practice.xcdatamodeld;
			sourceTree = "<group>";
			versionGroupType = wrapper.xcdatamodel;
		};
/* End XCVersionGroup section */
	};
	rootObject = FC4A86081E49AF4500ABDF04 /* Project object */;
}
